{
  "version": 4,
  "terraform_version": "1.5.6",
  "serial": 8,
  "lineage": "8467b542-d121-b55c-57f8-6d8b98bd6b79",
  "outputs": {},
  "resources": [
    {
      "mode": "managed",
      "type": "google_cloud_run_service",
      "name": "default",
      "provider": "provider[\"registry.terraform.io/hashicorp/google\"]",
      "instances": [
        {
          "schema_version": 1,
          "attributes": {
            "autogenerate_revision_name": false,
            "id": "locations/us-central1/namespaces/name-remember-23/services/name-remember-service",
            "location": "us-central1",
            "metadata": [
              {
                "annotations": {
                  "run.googleapis.com/ingress": "all",
                  "run.googleapis.com/ingress-status": "all",
                  "run.googleapis.com/operation-id": "2e54d377-c125-4c79-8816-cc77ec8e286e",
                  "serving.knative.dev/creator": "tord.standnes@gmail.com",
                  "serving.knative.dev/lastModifier": "tord.standnes@gmail.com"
                },
                "generation": 1,
                "labels": {
                  "cloud.googleapis.com/location": "us-central1"
                },
                "namespace": "name-remember-23",
                "resource_version": "AAYEYZsDVX8",
                "self_link": "/apis/serving.knative.dev/v1/namespaces/471648801973/services/name-remember-service",
                "uid": "0e1f5de6-0ba9-41a2-9f4b-98f2087359f0"
              }
            ],
            "name": "name-remember-service",
            "project": "name-remember-23",
            "status": [
              {
                "conditions": [
                  {
                    "message": "",
                    "reason": "",
                    "status": "True",
                    "type": "Ready"
                  },
                  {
                    "message": "",
                    "reason": "",
                    "status": "True",
                    "type": "ConfigurationsReady"
                  },
                  {
                    "message": "",
                    "reason": "",
                    "status": "True",
                    "type": "RoutesReady"
                  }
                ],
                "latest_created_revision_name": "name-remember-service-00001-ggg",
                "latest_ready_revision_name": "name-remember-service-00001-ggg",
                "observed_generation": 1,
                "traffic": [
                  {
                    "latest_revision": true,
                    "percent": 100,
                    "revision_name": "name-remember-service-00001-ggg",
                    "tag": "",
                    "url": ""
                  }
                ],
                "url": "https://name-remember-service-4wrduil76a-uc.a.run.app"
              }
            ],
            "template": [
              {
                "metadata": [
                  {
                    "annotations": {
                      "autoscaling.knative.dev/maxScale": "100"
                    },
                    "generation": 0,
                    "labels": {
                      "run.googleapis.com/startupProbeType": "Default"
                    },
                    "name": "",
                    "namespace": "",
                    "resource_version": "",
                    "self_link": "",
                    "uid": ""
                  }
                ],
                "spec": [
                  {
                    "container_concurrency": 80,
                    "containers": [
                      {
                        "args": null,
                        "command": null,
                        "env": [
                          {
                            "name": "DATABASE_URL",
                            "value": "postgresql://USERNAME:PASSWORD@34.135.73.36/name-remember-db",
                            "value_from": []
                          }
                        ],
                        "env_from": [],
                        "image": "gcr.io/name-remember-23/name-remember:latest",
                        "liveness_probe": [],
                        "name": "",
                        "ports": [
                          {
                            "container_port": 8080,
                            "name": "http1",
                            "protocol": ""
                          }
                        ],
                        "resources": [
                          {
                            "limits": {
                              "cpu": "1000m",
                              "memory": "512Mi"
                            },
                            "requests": {}
                          }
                        ],
                        "startup_probe": [
                          {
                            "failure_threshold": 1,
                            "grpc": [],
                            "http_get": [],
                            "initial_delay_seconds": 0,
                            "period_seconds": 240,
                            "tcp_socket": [
                              {
                                "port": 8080
                              }
                            ],
                            "timeout_seconds": 240
                          }
                        ],
                        "volume_mounts": [],
                        "working_dir": ""
                      }
                    ],
                    "service_account_name": "471648801973-compute@developer.gserviceaccount.com",
                    "serving_state": "",
                    "timeout_seconds": 300,
                    "volumes": []
                  }
                ]
              }
            ],
            "timeouts": null,
            "traffic": [
              {
                "latest_revision": true,
                "percent": 100,
                "revision_name": "",
                "tag": "",
                "url": ""
              }
            ]
          },
          "sensitive_attributes": [],
          "private": "eyJlMmJmYjczMC1lY2FhLTExZTYtOGY4OC0zNDM2M2JjN2M0YzAiOnsiY3JlYXRlIjoxMjAwMDAwMDAwMDAwLCJkZWxldGUiOjEyMDAwMDAwMDAwMDAsInVwZGF0ZSI6MTIwMDAwMDAwMDAwMH0sInNjaGVtYV92ZXJzaW9uIjoiMSJ9",
          "dependencies": [
            "google_sql_database_instance.default"
          ]
        }
      ]
    },
    {
      "mode": "managed",
      "type": "google_sql_database_instance",
      "name": "default",
      "provider": "provider[\"registry.terraform.io/hashicorp/google\"]",
      "instances": [
        {
          "schema_version": 0,
          "attributes": {
            "available_maintenance_versions": [],
            "clone": [],
            "connection_name": "name-remember-23:us-central1:name-remember-db",
            "database_version": "POSTGRES_13",
            "deletion_protection": true,
            "dns_name": "",
            "encryption_key_name": null,
            "first_ip_address": "34.135.73.36",
            "id": "name-remember-db",
            "instance_type": "CLOUD_SQL_INSTANCE",
            "ip_address": [
              {
                "ip_address": "34.135.73.36",
                "time_to_retire": "",
                "type": "PRIMARY"
              },
              {
                "ip_address": "34.70.179.207",
                "time_to_retire": "",
                "type": "OUTGOING"
              }
            ],
            "maintenance_version": "POSTGRES_13_10.R20230530.01_11",
            "master_instance_name": "",
            "name": "name-remember-db",
            "private_ip_address": "",
            "project": "name-remember-23",
            "psc_service_attachment_link": "",
            "public_ip_address": "34.135.73.36",
            "region": "us-central1",
            "replica_configuration": [],
            "restore_backup_context": [],
            "root_password": null,
            "self_link": "https://sqladmin.googleapis.com/sql/v1beta4/projects/name-remember-23/instances/name-remember-db",
            "server_ca_cert": [
              {
                "cert": "-----BEGIN CERTIFICATE-----\nMIIDfzCCAmegAwIBAgIBADANBgkqhkiG9w0BAQsFADB3MS0wKwYDVQQuEyQyMGQy\nOTRiNi1mZGNhLTRiZjEtYmU3Ny05YmZlYmYyMjIzOWUxIzAhBgNVBAMTGkdvb2ds\nZSBDbG91ZCBTUUwgU2VydmVyIENBMRQwEgYDVQQKEwtHb29nbGUsIEluYzELMAkG\nA1UEBhMCVVMwHhcNMjMwOTAyMTQ0ODA2WhcNMzMwODMwMTQ0OTA2WjB3MS0wKwYD\nVQQuEyQyMGQyOTRiNi1mZGNhLTRiZjEtYmU3Ny05YmZlYmYyMjIzOWUxIzAhBgNV\nBAMTGkdvb2dsZSBDbG91ZCBTUUwgU2VydmVyIENBMRQwEgYDVQQKEwtHb29nbGUs\nIEluYzELMAkGA1UEBhMCVVMwggEiMA0GCSqGSIb3DQEBAQUAA4IBDwAwggEKAoIB\nAQCYIZIQ3mFHsDdm4X4of7XPW+G9i+eizosRkNObeUtU0zvtDYDl9oEoh1dEw6LU\nhap653zxtCkli83S3bRQ4iwKJSeNTKLRQdeidomrZgTvzl0hK8+MNDO4SzEAhaI2\n3YGc36c44zTJ98+blXjFU35jF/qlAR5LAVOPJ60AtGs1k7jtvLfw89ZFgeTIW0fB\nxWNgxENpr4TcZI4DQ6ec3ozJ1DTG2AP8BCiKfSNMCwuTzGYA7CHeDa+Yi8lQg7S8\nuTSv/+W1eqBq47vzjAIMBl5P5bn8OnQHzT/XZRoih8u8LbJEjcCaDEt7TVBsNZRR\n9Xrxo0h8T1jGo5mBai6bwRGJAgMBAAGjFjAUMBIGA1UdEwEB/wQIMAYBAf8CAQAw\nDQYJKoZIhvcNAQELBQADggEBAINb/5Cs6cwUvaK+qm47j/6l2MRc2erW/HSWEtDH\n7L8zs+5C8poStgRhzQ2C+AvPRo/71cFb84dGPztrlMt6g2YWHiXSbPVal7ukB2QO\nkJ0noqMBTFUQMb66NysvC3ERaO7iSD8mar+vrZ6BAjIIJWdIoPzwJVHmz4zGTgMr\nakJhXiZPNuYHI46qFveUGK+B0AWXKUWVwmLx23P5IiFp/xfX+U3VbUQBT6fAPmWL\nSkppmhfIgsHmDxf7PCeuN3mPtZ6wvJecBxvmeFCBsb5dAbEjW2ztI89sHLtSj7ee\nwQU9x108ZGvA4DiPFhVU8XlU8BED7OK4AxutTp4xwK24OjA=\n-----END CERTIFICATE-----",
                "common_name": "C=US,O=Google\\, Inc,CN=Google Cloud SQL Server CA,dnQualifier=20d294b6-fdca-4bf1-be77-9bfebf22239e",
                "create_time": "2023-09-02T14:48:06.517Z",
                "expiration_time": "2033-08-30T14:49:06.517Z",
                "sha1_fingerprint": "0efa76ecb7d20b71845afa620f3d77c2593b0979"
              }
            ],
            "service_account_email_address": "p471648801973-t0q5qd@gcp-sa-cloud-sql.iam.gserviceaccount.com",
            "settings": [
              {
                "activation_policy": "ALWAYS",
                "active_directory_config": [],
                "advanced_machine_features": [],
                "availability_type": "ZONAL",
                "backup_configuration": [
                  {
                    "backup_retention_settings": [
                      {
                        "retained_backups": 7,
                        "retention_unit": "COUNT"
                      }
                    ],
                    "binary_log_enabled": false,
                    "enabled": false,
                    "location": "",
                    "point_in_time_recovery_enabled": false,
                    "start_time": "12:00",
                    "transaction_log_retention_days": 7
                  }
                ],
                "collation": "",
                "connector_enforcement": "NOT_REQUIRED",
                "data_cache_config": [],
                "database_flags": [
                  {
                    "name": "cloudsql.enable_pgaudit",
                    "value": "off"
                  }
                ],
                "deletion_protection_enabled": false,
                "deny_maintenance_period": [],
                "disk_autoresize": true,
                "disk_autoresize_limit": 0,
                "disk_size": 10,
                "disk_type": "PD_SSD",
                "edition": "",
                "insights_config": [],
                "ip_configuration": [
                  {
                    "allocated_ip_range": "",
                    "authorized_networks": [],
                    "enable_private_path_for_google_cloud_services": false,
                    "ipv4_enabled": true,
                    "private_network": "",
                    "psc_config": [],
                    "require_ssl": true
                  }
                ],
                "location_preference": [
                  {
                    "follow_gae_application": "",
                    "secondary_zone": "",
                    "zone": "us-central1-c"
                  }
                ],
                "maintenance_window": [],
                "password_validation_policy": [],
                "pricing_plan": "PER_USE",
                "sql_server_audit_config": [],
                "tier": "db-f1-micro",
                "time_zone": "",
                "user_labels": {},
                "version": 1
              }
            ],
            "timeouts": null
          },
          "sensitive_attributes": [],
          "private": "eyJlMmJmYjczMC1lY2FhLTExZTYtOGY4OC0zNDM2M2JjN2M0YzAiOnsiY3JlYXRlIjoyNDAwMDAwMDAwMDAwLCJkZWxldGUiOjE4MDAwMDAwMDAwMDAsInVwZGF0ZSI6MTgwMDAwMDAwMDAwMH19"
        }
      ]
    }
  ],
  "check_results": null
}
