{
  "version": 4,
  "terraform_version": "1.5.6",
  "serial": 100,
  "lineage": "8467b542-d121-b55c-57f8-6d8b98bd6b79",
  "outputs": {},
  "resources": [
    {
      "mode": "managed",
      "type": "google_cloud_run_service",
      "name": "default",
      "provider": "provider[\"registry.terraform.io/hashicorp/google\"]",
      "instances": [
        {
          "schema_version": 1,
          "attributes": {
            "autogenerate_revision_name": false,
            "id": "locations/us-central1/namespaces/name-remember-23/services/name-remember-service",
            "location": "us-central1",
            "metadata": [
              {
                "annotations": {
                  "run.googleapis.com/ingress": "all",
                  "run.googleapis.com/ingress-status": "all",
                  "run.googleapis.com/operation-id": "2e54d377-c125-4c79-8816-cc77ec8e286e",
                  "serving.knative.dev/creator": "tord.standnes@gmail.com",
                  "serving.knative.dev/lastModifier": "tord.standnes@gmail.com"
                },
                "generation": 1,
                "labels": {
                  "cloud.googleapis.com/location": "us-central1"
                },
                "namespace": "name-remember-23",
                "resource_version": "AAYEYZsDVX8",
                "self_link": "/apis/serving.knative.dev/v1/namespaces/471648801973/services/name-remember-service",
                "uid": "0e1f5de6-0ba9-41a2-9f4b-98f2087359f0"
              }
            ],
            "name": "name-remember-service",
            "project": "name-remember-23",
            "status": [
              {
                "conditions": [
                  {
                    "message": "",
                    "reason": "",
                    "status": "True",
                    "type": "Ready"
                  },
                  {
                    "message": "",
                    "reason": "",
                    "status": "True",
                    "type": "ConfigurationsReady"
                  },
                  {
                    "message": "",
                    "reason": "",
                    "status": "True",
                    "type": "RoutesReady"
                  }
                ],
                "latest_created_revision_name": "name-remember-service-00001-ggg",
                "latest_ready_revision_name": "name-remember-service-00001-ggg",
                "observed_generation": 1,
                "traffic": [
                  {
                    "latest_revision": true,
                    "percent": 100,
                    "revision_name": "name-remember-service-00001-ggg",
                    "tag": "",
                    "url": ""
                  }
                ],
                "url": "https://name-remember-service-4wrduil76a-uc.a.run.app"
              }
            ],
            "template": [
              {
                "metadata": [
                  {
                    "annotations": {
                      "autoscaling.knative.dev/maxScale": "100"
                    },
                    "generation": 0,
                    "labels": {
                      "run.googleapis.com/startupProbeType": "Default"
                    },
                    "name": "",
                    "namespace": "",
                    "resource_version": "",
                    "self_link": "",
                    "uid": ""
                  }
                ],
                "spec": [
                  {
                    "container_concurrency": 80,
                    "containers": [
                      {
                        "args": [],
                        "command": [],
                        "env": [
                          {
                            "name": "DATABASE_URL",
                            "value": "postgresql://USERNAME:PASSWORD@34.135.73.36/name-remember-db",
                            "value_from": []
                          }
                        ],
                        "env_from": [],
                        "image": "gcr.io/name-remember-23/name-remember:latest",
                        "liveness_probe": [],
                        "name": "",
                        "ports": [
                          {
                            "container_port": 8080,
                            "name": "http1",
                            "protocol": ""
                          }
                        ],
                        "resources": [
                          {
                            "limits": {
                              "cpu": "1000m",
                              "memory": "512Mi"
                            },
                            "requests": {}
                          }
                        ],
                        "startup_probe": [
                          {
                            "failure_threshold": 1,
                            "grpc": [],
                            "http_get": [],
                            "initial_delay_seconds": 0,
                            "period_seconds": 240,
                            "tcp_socket": [
                              {
                                "port": 8080
                              }
                            ],
                            "timeout_seconds": 240
                          }
                        ],
                        "volume_mounts": [],
                        "working_dir": ""
                      }
                    ],
                    "service_account_name": "471648801973-compute@developer.gserviceaccount.com",
                    "serving_state": "",
                    "timeout_seconds": 300,
                    "volumes": []
                  }
                ]
              }
            ],
            "timeouts": null,
            "traffic": [
              {
                "latest_revision": true,
                "percent": 100,
                "revision_name": "",
                "tag": "",
                "url": ""
              }
            ]
          },
          "sensitive_attributes": [],
          "private": "eyJlMmJmYjczMC1lY2FhLTExZTYtOGY4OC0zNDM2M2JjN2M0YzAiOnsiY3JlYXRlIjoxMjAwMDAwMDAwMDAwLCJkZWxldGUiOjEyMDAwMDAwMDAwMDAsInVwZGF0ZSI6MTIwMDAwMDAwMDAwMH0sInNjaGVtYV92ZXJzaW9uIjoiMSJ9",
          "dependencies": [
            "google_sql_database_instance.default"
          ]
        }
      ]
    },
    {
      "mode": "managed",
      "type": "google_cloud_run_service_iam_member",
      "name": "public",
      "provider": "provider[\"registry.terraform.io/hashicorp/google\"]",
      "instances": [
        {
          "schema_version": 0,
          "attributes": {
            "condition": [],
            "etag": "BwYEYhqCiZs=",
            "id": "v1/projects/name-remember-23/locations/us-central1/services/name-remember-service/roles/run.invoker/allUsers",
            "location": "us-central1",
            "member": "allUsers",
            "project": "name-remember-23",
            "role": "roles/run.invoker",
            "service": "v1/projects/name-remember-23/locations/us-central1/services/name-remember-service"
          },
          "sensitive_attributes": [],
          "private": "bnVsbA==",
          "dependencies": [
            "google_cloud_run_service.default",
            "google_sql_database_instance.default"
          ]
        }
      ]
    },
    {
      "mode": "managed",
      "type": "google_project_iam_member",
      "name": "sql_proxy_iam",
      "provider": "provider[\"registry.terraform.io/hashicorp/google\"]",
      "instances": [
        {
          "schema_version": 0,
          "attributes": {
            "condition": [],
            "etag": "BwYE2plYJZg=",
            "id": "name-remember-23/roles/cloudsql.client/serviceAccount:sql-proxy@name-remember-23.iam.gserviceaccount.com",
            "member": "serviceAccount:sql-proxy@name-remember-23.iam.gserviceaccount.com",
            "project": "name-remember-23",
            "role": "roles/cloudsql.client"
          },
          "sensitive_attributes": [],
          "private": "bnVsbA==",
          "dependencies": [
            "google_service_account.sql_proxy"
          ]
        }
      ]
    },
    {
      "mode": "managed",
      "type": "google_service_account",
      "name": "sql_proxy",
      "provider": "provider[\"registry.terraform.io/hashicorp/google\"]",
      "instances": [
        {
          "schema_version": 0,
          "attributes": {
            "account_id": "sql-proxy",
            "description": "",
            "disabled": false,
            "display_name": "Service Account for Cloud SQL Proxy",
            "email": "sql-proxy@name-remember-23.iam.gserviceaccount.com",
            "id": "projects/name-remember-23/serviceAccounts/sql-proxy@name-remember-23.iam.gserviceaccount.com",
            "member": "serviceAccount:sql-proxy@name-remember-23.iam.gserviceaccount.com",
            "name": "projects/name-remember-23/serviceAccounts/sql-proxy@name-remember-23.iam.gserviceaccount.com",
            "project": "name-remember-23",
            "timeouts": null,
            "unique_id": "109449991525999676469"
          },
          "sensitive_attributes": [],
          "private": "eyJlMmJmYjczMC1lY2FhLTExZTYtOGY4OC0zNDM2M2JjN2M0YzAiOnsiY3JlYXRlIjozMDAwMDAwMDAwMDB9fQ=="
        }
      ]
    },
    {
      "mode": "managed",
      "type": "google_service_account_key",
      "name": "sql_proxy_key",
      "provider": "provider[\"registry.terraform.io/hashicorp/google\"]",
      "instances": [
        {
          "schema_version": 0,
          "attributes": {
            "id": "projects/name-remember-23/serviceAccounts/sql-proxy@name-remember-23.iam.gserviceaccount.com/keys/110ed1c057609d6839265bf8ff339b3f723880b9",
            "keepers": null,
            "key_algorithm": "KEY_ALG_RSA_2048",
            "name": "projects/name-remember-23/serviceAccounts/sql-proxy@name-remember-23.iam.gserviceaccount.com/keys/110ed1c057609d6839265bf8ff339b3f723880b9",
            "private_key": "ewogICJ0eXBlIjogInNlcnZpY2VfYWNjb3VudCIsCiAgInByb2plY3RfaWQiOiAibmFtZS1yZW1lbWJlci0yMyIsCiAgInByaXZhdGVfa2V5X2lkIjogIjExMGVkMWMwNTc2MDlkNjgzOTI2NWJmOGZmMzM5YjNmNzIzODgwYjkiLAogICJwcml2YXRlX2tleSI6ICItLS0tLUJFR0lOIFBSSVZBVEUgS0VZLS0tLS1cbk1JSUV2UUlCQURBTkJna3Foa2lHOXcwQkFRRUZBQVNDQktjd2dnU2pBZ0VBQW9JQkFRQ1NuKzZNei8ranFRWmhcbkRYNG8wZWVheXVaVWdKWDJrRjZPbnpHY0ltS2RtbkhDRjBTY0FUczNFcDhCZWJOdFdnbXl5cklla2c1V1RwSmlcbmRjUnJUb1Y1bGhscXA5NU80VWNBQXptSWl1TGFQTFV5OGVLNDBWdjV6bEhWeVRtUWpJeWhJVUxkRVduRzdLaTFcbjZZb2UxSVNpd0s0bGEvd01GMk1LN2xnb3BhVGtrNjRmRXI2a1JlS2dUOGNESjVmQkNXZXdWc01rNmdCd2x0V0FcblR4OTQvOFdmbjNLVjNUVG55ajlmZitFdFBERHQ2T09xaktIQUpIcTNSelBvYThvZkxLSVQ2ZUZ0dHVQaXQ5dHBcbm9mekVpQ3R2SElnbXp2WVE2SVZIaTY0MjJVU3pGRUZzTDZBS2RBY1dmVElVWm52ZzUzTmFaK0VuZUE2eGRmV1RcbjBsZEo4Ym4vQWdNQkFBRUNnZ0VBRnFDNzdkdER0bndsVWVFRk1VT0RuSzNuY2U4T05haitEc0NlcFZ2aElEVnZcbmpPYU9YZzBLbUdzMVFzTUhYNzdmZEVvM3h1UC9kbTVWeFFBcnVldTZTWk5TaE5VM1I3RVloZlg1Y1FzT0MyUUhcbkNyK3RuNXdmdDZPUm1ZNmVaYUpyS1lxNmlPZGhEYVFFUFY2M1JCN0VBV0grL2lOMkdGK2JsMXBGSExERGk4cktcbjJGQkJuc204UUFuYmEwRXZZWmxmazMxOCtKcDZuZVpYQlJ5VU5rcDcwZ0x5TDVVbThmemo3bUVrbWVQOXNMREZcbkIwZENISmx2MEV4cnZMdk5uV2lGOVBuY1F6RGtiK1hOTzhoQktRc0VOcEF0RXFLQ0o3aEZDWXNiZkhkY055dlZcblVPSGduTWUwZXZILzNZREVpMFdDeTRmNkh0ZVVuaGZsaFhqWjJYQlRjUUtCZ1FETVExWmQ5eGNjMmlvKzk3aHJcbjhxbHd6Rk1kdHN6TFZ6ZjBaQjlVMVFnMkJiZUNIVjVTL3lDZVdWMXA2MlFVMmdnTjUxbDZTVWd2N1I2cE9pbVNcbmJvQUI5V05WNEppaTdDMDcwWUdrM3UvbEMwV0xwOTEzUmNsYkpSRjdPYXl5ZmZ4U254RXNkWmZ0RVhveGtXbzdcbitJQThVN1FNeXNVSVlxb0FjdTdKSHFBc3V3S0JnUUMzdzBIU1AzTFZoZ0V5cXBQT1ZpQmFNT0lzUEpGMUU2MDRcblpkcG9hUGxIZ0d4ZEpRa0UzRU9nTzRPOC9Va3BSZUhOMEVEV2VLVE1pdm1kQnhBWGtJWjR6RVNhVG5mcWxKU0VcblVhd1czVHpSZGpTL3gwdEh3clVrSFlNOEQ2NC83b1lnWk1GRWZFeTBwL1JtN3pONllGUFRIdTVvdDVNeVRxNjFcbkRrMEZJQzFWalFLQmdRQ1RiRFkxYzFSWEdvNUxDL2NxMGVUQTZIZEVodDZnRTc3cXdDaHN6YVF6ZVVUTXYrMkhcbjhXTFZacUlwQkI4amZZazZuN0xRczN0S085VlpSZ1VqRG1XTkJGSkJkT3cxQ2toTFdCWTlyRGx3RWdhTG1RZ2FcblFWL21USWFsYlNiYlhGcDBOeUhwK0tWQ0VNOGtYMU5SSFRWUVZRa3FBbDdhZ25zMy83dWZwRjd1YVFLQmdEV3lcbjBqWXRJbEp4RVVLTUJCc2tvZG1aTlU1MStJOTh5MzZTak9zNzJiUmlPOGhRUFQxMVhER2prcENVZDErZk15ZmdcbmRrSDJDVHBZVmk3ajFIaitXNzFLKzdVWHZ3VUduQXU2amc0MFlrUlhSWHpSTVJkc04yQ3hXeHNlL2UxaXQwRWFcbkVEd0NFcXdyOUVoc0Y5L243RGJpY0FxYnNtRGVDMEdQUjBSN0xhUTFBb0dBTkltdE5wRDQ0VklqanRxQUZVNEtcbnBHOTUzU0ZTMWpRUzV6dExYbXoxLzB1QUZOK1RQMGs2VFp6U1FYYUcxaFlEdDZtaVd6cWpXRDBPYWRxL2hjdXZcbm1LY1JDeEpHMGVjMFh1UXVDd244TEFxMlo0VmtoVko0TjRDRFVnNFdWVUpzb05XSlhyNGM1K1lORDJiL2Ezb01cbnE3OW00ck4vOGRMMng3Rko1NHl0cTVNPVxuLS0tLS1FTkQgUFJJVkFURSBLRVktLS0tLVxuIiwKICAiY2xpZW50X2VtYWlsIjogInNxbC1wcm94eUBuYW1lLXJlbWVtYmVyLTIzLmlhbS5nc2VydmljZWFjY291bnQuY29tIiwKICAiY2xpZW50X2lkIjogIjEwOTQ0OTk5MTUyNTk5OTY3NjQ2OSIsCiAgImF1dGhfdXJpIjogImh0dHBzOi8vYWNjb3VudHMuZ29vZ2xlLmNvbS9vL29hdXRoMi9hdXRoIiwKICAidG9rZW5fdXJpIjogImh0dHBzOi8vb2F1dGgyLmdvb2dsZWFwaXMuY29tL3Rva2VuIiwKICAiYXV0aF9wcm92aWRlcl94NTA5X2NlcnRfdXJsIjogImh0dHBzOi8vd3d3Lmdvb2dsZWFwaXMuY29tL29hdXRoMi92MS9jZXJ0cyIsCiAgImNsaWVudF94NTA5X2NlcnRfdXJsIjogImh0dHBzOi8vd3d3Lmdvb2dsZWFwaXMuY29tL3JvYm90L3YxL21ldGFkYXRhL3g1MDkvc3FsLXByb3h5JTQwbmFtZS1yZW1lbWJlci0yMy5pYW0uZ3NlcnZpY2VhY2NvdW50LmNvbSIsCiAgInVuaXZlcnNlX2RvbWFpbiI6ICJnb29nbGVhcGlzLmNvbSIKfQo=",
            "private_key_type": "TYPE_GOOGLE_CREDENTIALS_FILE",
            "public_key": "LS0tLS1CRUdJTiBDRVJUSUZJQ0FURS0tLS0tCk1JSUMvRENDQWVTZ0F3SUJBZ0lJQ3k1NEhJMzFqTk13RFFZSktvWklodmNOQVFFRkJRQXdJREVlTUJ3R0ExVUUKQXhNVk1UQTVORFE1T1RreE5USTFPVGs1TmpjMk5EWTVNQ0FYRFRJek1Ea3dPREUxTWpZeE4xb1lEems1T1RreApNak14TWpNMU9UVTVXakFnTVI0d0hBWURWUVFERXhVeE1EazBORGs1T1RFMU1qVTVPVGsyTnpZME5qa3dnZ0VpCk1BMEdDU3FHU0liM0RRRUJBUVVBQTRJQkR3QXdnZ0VLQW9JQkFRQ1NuKzZNei8ranFRWmhEWDRvMGVlYXl1WlUKZ0pYMmtGNk9uekdjSW1LZG1uSENGMFNjQVRzM0VwOEJlYk50V2dteXlySWVrZzVXVHBKaWRjUnJUb1Y1bGhscQpwOTVPNFVjQUF6bUlpdUxhUExVeThlSzQwVnY1emxIVnlUbVFqSXloSVVMZEVXbkc3S2kxNllvZTFJU2l3SzRsCmEvd01GMk1LN2xnb3BhVGtrNjRmRXI2a1JlS2dUOGNESjVmQkNXZXdWc01rNmdCd2x0V0FUeDk0LzhXZm4zS1YKM1RUbnlqOWZmK0V0UEREdDZPT3FqS0hBSkhxM1J6UG9hOG9mTEtJVDZlRnR0dVBpdDl0cG9mekVpQ3R2SElnbQp6dllRNklWSGk2NDIyVVN6RkVGc0w2QUtkQWNXZlRJVVpudmc1M05hWitFbmVBNnhkZldUMGxkSjhibi9BZ01CCkFBR2pPREEyTUF3R0ExVWRFd0VCL3dRQ01BQXdEZ1lEVlIwUEFRSC9CQVFEQWdlQU1CWUdBMVVkSlFFQi93UU0KTUFvR0NDc0dBUVVGQndNQ01BMEdDU3FHU0liM0RRRUJCUVVBQTRJQkFRQWRra1lBU1RiZlZLdW9Fbk1wRzBtcQpHM2RhTDArTDhqNW4rVjRLekZ1aVV4TWZMYXZaSW0xdkx1RTZoZmNPWHV2aWwzZXppaGxiaVU3UkVwcTJHQkhYCm5yMEhHTHBBVUlqNkNua0dGdWsvcXZpM2xhdk5icVQ5UWFqMHI2LzZacmNicnBBU0s0MHZ2VHV5VXQzM05Edk0KTFRwQ3c1QWpreXZQc3ZNc0x5eEh0RXpwcDRCa3JmZ21oaWZsWGtnZTVuRjMrd3NyYWJFdkR0OE1wWS9lcG9hRgpXdncybVExcU81eU9xVlpsbmJTMXR0K3VUL0FLbkxZUnVVOVRibXQ4U2c4YXcwREpyb0NpWUZzSFZTaEoyT0RSCmljTnAxSmRpUGg2aEEydERrZy9vT2hoL1pxTWlWek90MGJaaW12MThKNG9YUVpoVHFpU3FOYndMU0Z1MzhIZFMKLS0tLS1FTkQgQ0VSVElGSUNBVEUtLS0tLQo=",
            "public_key_data": null,
            "public_key_type": "TYPE_X509_PEM_FILE",
            "service_account_id": "projects/name-remember-23/serviceAccounts/sql-proxy@name-remember-23.iam.gserviceaccount.com",
            "valid_after": "2023-09-08T15:26:17Z",
            "valid_before": "9999-12-31T23:59:59Z"
          },
          "sensitive_attributes": [],
          "private": "bnVsbA==",
          "dependencies": [
            "google_service_account.sql_proxy"
          ]
        }
      ]
    },
    {
      "mode": "managed",
      "type": "google_sql_database",
      "name": "default",
      "provider": "provider[\"registry.terraform.io/hashicorp/google\"]",
      "instances": [
        {
          "schema_version": 0,
          "attributes": {
            "charset": "UTF8",
            "collation": "en_US.UTF8",
            "deletion_policy": "DELETE",
            "id": "projects/name-remember-23/instances/name-remember-db/databases/userdata",
            "instance": "name-remember-db",
            "name": "userdata",
            "project": "name-remember-23",
            "self_link": "https://sqladmin.googleapis.com/sql/v1beta4/projects/name-remember-23/instances/name-remember-db/databases/userdata",
            "timeouts": null
          },
          "sensitive_attributes": [],
          "private": "eyJlMmJmYjczMC1lY2FhLTExZTYtOGY4OC0zNDM2M2JjN2M0YzAiOnsiY3JlYXRlIjoxMjAwMDAwMDAwMDAwLCJkZWxldGUiOjEyMDAwMDAwMDAwMDAsInVwZGF0ZSI6MTIwMDAwMDAwMDAwMH19",
          "dependencies": [
            "google_sql_database_instance.default"
          ]
        }
      ]
    },
    {
      "mode": "managed",
      "type": "google_sql_database_instance",
      "name": "default",
      "provider": "provider[\"registry.terraform.io/hashicorp/google\"]",
      "instances": [
        {
          "schema_version": 0,
          "attributes": {
            "available_maintenance_versions": [],
            "clone": [],
            "connection_name": "name-remember-23:us-central1:name-remember-db",
            "database_version": "POSTGRES_13",
            "deletion_protection": true,
            "dns_name": "",
            "encryption_key_name": null,
            "first_ip_address": "34.135.73.36",
            "id": "name-remember-db",
            "instance_type": "CLOUD_SQL_INSTANCE",
            "ip_address": [
              {
                "ip_address": "34.135.73.36",
                "time_to_retire": "",
                "type": "PRIMARY"
              },
              {
                "ip_address": "34.70.179.207",
                "time_to_retire": "",
                "type": "OUTGOING"
              }
            ],
            "maintenance_version": "POSTGRES_13_10.R20230530.01_11",
            "master_instance_name": "",
            "name": "name-remember-db",
            "private_ip_address": "",
            "project": "name-remember-23",
            "psc_service_attachment_link": "",
            "public_ip_address": "34.135.73.36",
            "region": "us-central1",
            "replica_configuration": [],
            "restore_backup_context": [],
            "root_password": null,
            "self_link": "https://sqladmin.googleapis.com/sql/v1beta4/projects/name-remember-23/instances/name-remember-db",
            "server_ca_cert": [
              {
                "cert": "-----BEGIN CERTIFICATE-----\nMIIDfzCCAmegAwIBAgIBADANBgkqhkiG9w0BAQsFADB3MS0wKwYDVQQuEyQyMGQy\nOTRiNi1mZGNhLTRiZjEtYmU3Ny05YmZlYmYyMjIzOWUxIzAhBgNVBAMTGkdvb2ds\nZSBDbG91ZCBTUUwgU2VydmVyIENBMRQwEgYDVQQKEwtHb29nbGUsIEluYzELMAkG\nA1UEBhMCVVMwHhcNMjMwOTAyMTQ0ODA2WhcNMzMwODMwMTQ0OTA2WjB3MS0wKwYD\nVQQuEyQyMGQyOTRiNi1mZGNhLTRiZjEtYmU3Ny05YmZlYmYyMjIzOWUxIzAhBgNV\nBAMTGkdvb2dsZSBDbG91ZCBTUUwgU2VydmVyIENBMRQwEgYDVQQKEwtHb29nbGUs\nIEluYzELMAkGA1UEBhMCVVMwggEiMA0GCSqGSIb3DQEBAQUAA4IBDwAwggEKAoIB\nAQCYIZIQ3mFHsDdm4X4of7XPW+G9i+eizosRkNObeUtU0zvtDYDl9oEoh1dEw6LU\nhap653zxtCkli83S3bRQ4iwKJSeNTKLRQdeidomrZgTvzl0hK8+MNDO4SzEAhaI2\n3YGc36c44zTJ98+blXjFU35jF/qlAR5LAVOPJ60AtGs1k7jtvLfw89ZFgeTIW0fB\nxWNgxENpr4TcZI4DQ6ec3ozJ1DTG2AP8BCiKfSNMCwuTzGYA7CHeDa+Yi8lQg7S8\nuTSv/+W1eqBq47vzjAIMBl5P5bn8OnQHzT/XZRoih8u8LbJEjcCaDEt7TVBsNZRR\n9Xrxo0h8T1jGo5mBai6bwRGJAgMBAAGjFjAUMBIGA1UdEwEB/wQIMAYBAf8CAQAw\nDQYJKoZIhvcNAQELBQADggEBAINb/5Cs6cwUvaK+qm47j/6l2MRc2erW/HSWEtDH\n7L8zs+5C8poStgRhzQ2C+AvPRo/71cFb84dGPztrlMt6g2YWHiXSbPVal7ukB2QO\nkJ0noqMBTFUQMb66NysvC3ERaO7iSD8mar+vrZ6BAjIIJWdIoPzwJVHmz4zGTgMr\nakJhXiZPNuYHI46qFveUGK+B0AWXKUWVwmLx23P5IiFp/xfX+U3VbUQBT6fAPmWL\nSkppmhfIgsHmDxf7PCeuN3mPtZ6wvJecBxvmeFCBsb5dAbEjW2ztI89sHLtSj7ee\nwQU9x108ZGvA4DiPFhVU8XlU8BED7OK4AxutTp4xwK24OjA=\n-----END CERTIFICATE-----",
                "common_name": "C=US,O=Google\\, Inc,CN=Google Cloud SQL Server CA,dnQualifier=20d294b6-fdca-4bf1-be77-9bfebf22239e",
                "create_time": "2023-09-02T14:48:06.517Z",
                "expiration_time": "2033-08-30T14:49:06.517Z",
                "sha1_fingerprint": "0efa76ecb7d20b71845afa620f3d77c2593b0979"
              }
            ],
            "service_account_email_address": "p471648801973-t0q5qd@gcp-sa-cloud-sql.iam.gserviceaccount.com",
            "settings": [
              {
                "activation_policy": "ALWAYS",
                "active_directory_config": [],
                "advanced_machine_features": [],
                "availability_type": "ZONAL",
                "backup_configuration": [
                  {
                    "backup_retention_settings": [
                      {
                        "retained_backups": 7,
                        "retention_unit": "COUNT"
                      }
                    ],
                    "binary_log_enabled": false,
                    "enabled": false,
                    "location": "",
                    "point_in_time_recovery_enabled": false,
                    "start_time": "12:00",
                    "transaction_log_retention_days": 7
                  }
                ],
                "collation": "",
                "connector_enforcement": "NOT_REQUIRED",
                "data_cache_config": [],
                "database_flags": [
                  {
                    "name": "cloudsql.enable_pgaudit",
                    "value": "off"
                  }
                ],
                "deletion_protection_enabled": false,
                "deny_maintenance_period": [],
                "disk_autoresize": true,
                "disk_autoresize_limit": 0,
                "disk_size": 10,
                "disk_type": "PD_SSD",
                "edition": "",
                "insights_config": [],
                "ip_configuration": [
                  {
                    "allocated_ip_range": "",
                    "authorized_networks": [],
                    "enable_private_path_for_google_cloud_services": false,
                    "ipv4_enabled": true,
                    "private_network": "",
                    "psc_config": [],
                    "require_ssl": true
                  }
                ],
                "location_preference": [
                  {
                    "follow_gae_application": "",
                    "secondary_zone": "",
                    "zone": "us-central1-c"
                  }
                ],
                "maintenance_window": [],
                "password_validation_policy": [],
                "pricing_plan": "PER_USE",
                "sql_server_audit_config": [],
                "tier": "db-f1-micro",
                "time_zone": "",
                "user_labels": {},
                "version": 13
              }
            ],
            "timeouts": null
          },
          "sensitive_attributes": [],
          "private": "eyJlMmJmYjczMC1lY2FhLTExZTYtOGY4OC0zNDM2M2JjN2M0YzAiOnsiY3JlYXRlIjoyNDAwMDAwMDAwMDAwLCJkZWxldGUiOjE4MDAwMDAwMDAwMDAsInVwZGF0ZSI6MTgwMDAwMDAwMDAwMH19"
        }
      ]
    },
    {
      "mode": "managed",
      "type": "google_sql_user",
      "name": "default",
      "provider": "provider[\"registry.terraform.io/hashicorp/google\"]",
      "instances": [
        {
          "schema_version": 1,
          "attributes": {
            "deletion_policy": null,
            "host": "",
            "id": "postgres//name-remember-db",
            "instance": "name-remember-db",
            "name": "postgres",
            "password": "UQCShhotLfeC9ywd",
            "password_policy": [],
            "project": "name-remember-23",
            "sql_server_user_details": [],
            "timeouts": null,
            "type": ""
          },
          "sensitive_attributes": [
            [
              {
                "type": "get_attr",
                "value": "password"
              }
            ]
          ],
          "private": "eyJlMmJmYjczMC1lY2FhLTExZTYtOGY4OC0zNDM2M2JjN2M0YzAiOnsiY3JlYXRlIjo2MDAwMDAwMDAwMDAsImRlbGV0ZSI6NjAwMDAwMDAwMDAwLCJ1cGRhdGUiOjYwMDAwMDAwMDAwMH0sInNjaGVtYV92ZXJzaW9uIjoiMSJ9",
          "dependencies": [
            "google_sql_database_instance.default",
            "random_password.pwd"
          ]
        }
      ]
    },
    {
      "mode": "managed",
      "type": "local_file",
      "name": "sql_database_password",
      "provider": "provider[\"registry.terraform.io/hashicorp/local\"]",
      "instances": [
        {
          "schema_version": 0,
          "attributes": {
            "content": "UQCShhotLfeC9ywd",
            "content_base64": null,
            "content_base64sha256": "VxynW1CTF44NBXEW9rVXcxIqx7lmxomue0gpC0hPKzc=",
            "content_base64sha512": "+PpHKcf9ZvssvJR2vWFmZ/0cbY9V9gJ8QBdt4lb9/RkhtTjflrvSSy3ng+AfsCDPeo01cnlvFELGdrgfefP14g==",
            "content_md5": "6ee6d67083b6a2f48fa79384ba01efc1",
            "content_sha1": "d5a65edebfd8bd28f923fd3d09b0a5bf19d3eb89",
            "content_sha256": "571ca75b5093178e0d057116f6b55773122ac7b966c689ae7b48290b484f2b37",
            "content_sha512": "f8fa4729c7fd66fb2cbc9476bd616667fd1c6d8f55f6027c40176de256fdfd1921b538df96bbd24b2de783e01fb020cf7a8d3572796f1442c676b81f79f3f5e2",
            "directory_permission": "0777",
            "file_permission": "0777",
            "filename": "./sql_database_password.json",
            "id": "d5a65edebfd8bd28f923fd3d09b0a5bf19d3eb89",
            "sensitive_content": null,
            "source": null
          },
          "sensitive_attributes": [
            [
              {
                "type": "get_attr",
                "value": "content"
              }
            ]
          ],
          "dependencies": [
            "random_password.pwd"
          ]
        }
      ]
    },
    {
      "mode": "managed",
      "type": "random_password",
      "name": "pwd",
      "provider": "provider[\"registry.terraform.io/hashicorp/random\"]",
      "instances": [
        {
          "schema_version": 3,
          "attributes": {
            "bcrypt_hash": "$2a$10$gJmcFifqhDRRmmw1f8KVUOcSKq83/7qS18T7Ljyh0oIeBuGwV8pUW",
            "id": "none",
            "keepers": null,
            "length": 16,
            "lower": true,
            "min_lower": 0,
            "min_numeric": 0,
            "min_special": 0,
            "min_upper": 0,
            "number": true,
            "numeric": true,
            "override_special": null,
            "result": "UQCShhotLfeC9ywd",
            "special": false,
            "upper": true
          },
          "sensitive_attributes": []
        }
      ]
    }
  ],
  "check_results": null
}
