{
  "version": 4,
  "terraform_version": "1.5.7",
  "serial": 146,
  "lineage": "8467b542-d121-b55c-57f8-6d8b98bd6b79",
  "outputs": {},
  "resources": [
    {
      "mode": "managed",
      "type": "google_cloud_run_service",
      "name": "default",
      "provider": "provider[\"registry.terraform.io/hashicorp/google\"]",
      "instances": [
        {
          "schema_version": 1,
          "attributes": {
            "autogenerate_revision_name": false,
            "id": "locations/us-central1/namespaces/name-remember-23/services/name-remember-service",
            "location": "us-central1",
            "metadata": [
              {
                "annotations": {
                  "run.googleapis.com/ingress": "all",
                  "run.googleapis.com/ingress-status": "all",
                  "run.googleapis.com/operation-id": "251efae4-9a2d-4d75-89aa-b72862abff78",
                  "serving.knative.dev/creator": "tord.standnes@gmail.com",
                  "serving.knative.dev/lastModifier": "tord.standnes@gmail.com"
                },
                "generation": 1,
                "labels": {
                  "cloud.googleapis.com/location": "us-central1"
                },
                "namespace": "name-remember-23",
                "resource_version": "AAYFf//fIMo",
                "self_link": "/apis/serving.knative.dev/v1/namespaces/471648801973/services/name-remember-service",
                "uid": "ecf624b8-927d-4f20-976c-cf1bb6feac85"
              }
            ],
            "name": "name-remember-service",
            "project": "name-remember-23",
            "status": [
              {
                "conditions": [
                  {
                    "message": "",
                    "reason": "",
                    "status": "True",
                    "type": "Ready"
                  },
                  {
                    "message": "",
                    "reason": "",
                    "status": "True",
                    "type": "ConfigurationsReady"
                  },
                  {
                    "message": "",
                    "reason": "",
                    "status": "True",
                    "type": "RoutesReady"
                  }
                ],
                "latest_created_revision_name": "name-remember-service-00001-647",
                "latest_ready_revision_name": "name-remember-service-00001-647",
                "observed_generation": 1,
                "traffic": [
                  {
                    "latest_revision": true,
                    "percent": 100,
                    "revision_name": "name-remember-service-00001-647",
                    "tag": "",
                    "url": ""
                  }
                ],
                "url": "https://name-remember-service-4wrduil76a-uc.a.run.app"
              }
            ],
            "template": [
              {
                "metadata": [
                  {
                    "annotations": {
                      "autoscaling.knative.dev/maxScale": "100"
                    },
                    "generation": 0,
                    "labels": {
                      "run.googleapis.com/startupProbeType": "Default"
                    },
                    "name": "",
                    "namespace": "",
                    "resource_version": "",
                    "self_link": "",
                    "uid": ""
                  }
                ],
                "spec": [
                  {
                    "container_concurrency": 80,
                    "containers": [
                      {
                        "args": [],
                        "command": [],
                        "env": [
                          {
                            "name": "DATABASE_URL",
                            "value": "postgresql://USERNAME:PASSWORD@34.70.179.207/name-remember-db",
                            "value_from": []
                          }
                        ],
                        "env_from": [],
                        "image": "gcr.io/name-remember-23/name-remember:latest",
                        "liveness_probe": [],
                        "name": "",
                        "ports": [
                          {
                            "container_port": 8080,
                            "name": "http1",
                            "protocol": ""
                          }
                        ],
                        "resources": [
                          {
                            "limits": {
                              "cpu": "1000m",
                              "memory": "512Mi"
                            },
                            "requests": {}
                          }
                        ],
                        "startup_probe": [
                          {
                            "failure_threshold": 1,
                            "grpc": [],
                            "http_get": [],
                            "initial_delay_seconds": 0,
                            "period_seconds": 240,
                            "tcp_socket": [
                              {
                                "port": 8080
                              }
                            ],
                            "timeout_seconds": 240
                          }
                        ],
                        "volume_mounts": [],
                        "working_dir": ""
                      }
                    ],
                    "service_account_name": "471648801973-compute@developer.gserviceaccount.com",
                    "serving_state": "",
                    "timeout_seconds": 300,
                    "volumes": []
                  }
                ]
              }
            ],
            "timeouts": null,
            "traffic": [
              {
                "latest_revision": true,
                "percent": 100,
                "revision_name": "",
                "tag": "",
                "url": ""
              }
            ]
          },
          "sensitive_attributes": [],
          "private": "eyJlMmJmYjczMC1lY2FhLTExZTYtOGY4OC0zNDM2M2JjN2M0YzAiOnsiY3JlYXRlIjoxMjAwMDAwMDAwMDAwLCJkZWxldGUiOjEyMDAwMDAwMDAwMDAsInVwZGF0ZSI6MTIwMDAwMDAwMDAwMH0sInNjaGVtYV92ZXJzaW9uIjoiMSJ9",
          "dependencies": [
            "google_sql_database_instance.default"
          ]
        }
      ]
    },
    {
      "mode": "managed",
      "type": "google_cloud_run_service_iam_member",
      "name": "public",
      "provider": "provider[\"registry.terraform.io/hashicorp/google\"]",
      "instances": [
        {
          "schema_version": 0,
          "attributes": {
            "condition": [],
            "etag": "BwYFgAAGb9A=",
            "id": "v1/projects/name-remember-23/locations/us-central1/services/name-remember-service/roles/run.invoker/allUsers",
            "location": "us-central1",
            "member": "allUsers",
            "project": "name-remember-23",
            "role": "roles/run.invoker",
            "service": "v1/projects/name-remember-23/locations/us-central1/services/name-remember-service"
          },
          "sensitive_attributes": [],
          "private": "bnVsbA==",
          "dependencies": [
            "google_cloud_run_service.default",
            "google_sql_database_instance.default"
          ]
        }
      ]
    },
    {
      "mode": "managed",
      "type": "google_project_iam_member",
      "name": "sql_proxy_iam",
      "provider": "provider[\"registry.terraform.io/hashicorp/google\"]",
      "instances": [
        {
          "schema_version": 0,
          "attributes": {
            "condition": [],
            "etag": "BwYFf+FMAx0=",
            "id": "name-remember-23/roles/cloudsql.client/serviceAccount:sql-proxy@name-remember-23.iam.gserviceaccount.com",
            "member": "serviceAccount:sql-proxy@name-remember-23.iam.gserviceaccount.com",
            "project": "name-remember-23",
            "role": "roles/cloudsql.client"
          },
          "sensitive_attributes": [],
          "private": "bnVsbA==",
          "dependencies": [
            "google_service_account.sql_proxy"
          ]
        }
      ]
    },
    {
      "mode": "managed",
      "type": "google_service_account",
      "name": "sql_proxy",
      "provider": "provider[\"registry.terraform.io/hashicorp/google\"]",
      "instances": [
        {
          "schema_version": 0,
          "attributes": {
            "account_id": "sql-proxy",
            "description": "",
            "disabled": false,
            "display_name": "Service Account for Cloud SQL Proxy",
            "email": "sql-proxy@name-remember-23.iam.gserviceaccount.com",
            "id": "projects/name-remember-23/serviceAccounts/sql-proxy@name-remember-23.iam.gserviceaccount.com",
            "member": "serviceAccount:sql-proxy@name-remember-23.iam.gserviceaccount.com",
            "name": "projects/name-remember-23/serviceAccounts/sql-proxy@name-remember-23.iam.gserviceaccount.com",
            "project": "name-remember-23",
            "timeouts": null,
            "unique_id": "115919092963412967732"
          },
          "sensitive_attributes": [],
          "private": "eyJlMmJmYjczMC1lY2FhLTExZTYtOGY4OC0zNDM2M2JjN2M0YzAiOnsiY3JlYXRlIjozMDAwMDAwMDAwMDB9fQ=="
        }
      ]
    },
    {
      "mode": "managed",
      "type": "google_service_account_key",
      "name": "sql_proxy_key",
      "provider": "provider[\"registry.terraform.io/hashicorp/google\"]",
      "instances": [
        {
          "schema_version": 0,
          "attributes": {
            "id": "projects/name-remember-23/serviceAccounts/sql-proxy@name-remember-23.iam.gserviceaccount.com/keys/833960e42c90206d87615b8271f47ca3e09671b1",
            "keepers": null,
            "key_algorithm": "KEY_ALG_RSA_2048",
            "name": "projects/name-remember-23/serviceAccounts/sql-proxy@name-remember-23.iam.gserviceaccount.com/keys/833960e42c90206d87615b8271f47ca3e09671b1",
            "private_key": "ewogICJ0eXBlIjogInNlcnZpY2VfYWNjb3VudCIsCiAgInByb2plY3RfaWQiOiAibmFtZS1yZW1lbWJlci0yMyIsCiAgInByaXZhdGVfa2V5X2lkIjogIjgzMzk2MGU0MmM5MDIwNmQ4NzYxNWI4MjcxZjQ3Y2EzZTA5NjcxYjEiLAogICJwcml2YXRlX2tleSI6ICItLS0tLUJFR0lOIFBSSVZBVEUgS0VZLS0tLS1cbk1JSUV2UUlCQURBTkJna3Foa2lHOXcwQkFRRUZBQVNDQktjd2dnU2pBZ0VBQW9JQkFRRGc3WTRKdnpNMFM5eEdcbjVxU3NLYTV3QjZvWC93MkkxeUF5VStCTVEzdGZqQ2hmbUZGeWhERitFMk1MV0MwVXdnWXpxOFdkRHdwSC9hOGNcbnkvMHRUVS9ZOHhHVExsR1dMclhDWGpGRDdVRVIvdDRkbVZWa1JWZ3VQM0daTmRQdmUrR1JTUHJKeGVvL04rRStcbmxMYkR2ellWVWFmdGdBRlByUFlWc2drWVNTR2pHcDFVSmp3S2pDNXhVMEdpOUJtQXN1bWpJVkUyS1BWblBya1dcbkYxVUdmUW9UNHpLdDhjWER1NFIydzdPZ1VlWjdPaGpPWmxyc3ZrTWdybm9CZGl0ZXRPNEpvOVB0ajArcWwzQzdcbnVZem9DTHoyRXlPOWI2YjNxOGduUWowUTVxWnl5Z21Fd3JQMGN2cXA5Sk1ubFZ4NXhaaHlQQmxpenRTL1hEbUNcbjFESVh3clNYQWdNQkFBRUNnZ0VBWEhPWUtjNXlwQUM0WWxZa0FuWEJjdC9ibkxCanBrYlNQNDExU0xPR0R1QmpcbnFlTklPdnMyQXAzQ1hLUGFKOG1XVmYrNUlwVFBnNGEweHUvYnVSYXBoc0ZtREdxQjgycHdvQnNxUWNMUHQ2OWNcbkthdGdTMjRyVUJzWXZNSkF3aE5YeEdsTVY4b25QZVBnaStJQmUxVHBUSHI3UEtZY0k5MHlhdmw2UG9hMHNqNlZcbllnV0U3L2gvTnZ5Wnc4akt0MFQ0MHBjMDYwZldDaC9TV3Vob1FmSXRraitwd3hVd2Vtc0UwWXdSaWxCMnpCLzNcbnN6UGlYcXczZklCQy9ydm43bEVjeVJqTkZyNHJYZTlmUGhIb1MwTzJCcE5qQW10eVp2NFdBRUdENnhkT0syekNcbjhmZWRlWmh6SFdBSk5DcFllcmxlQjhSa0htak1lKzYxRlZhdW85MlBYUUtCZ1FENFR1UVJBM0N3a3R5dVRqNTlcblhaNmhHY1VDRk1hTWRxa3U0M2UxdGdJaU0rSDZhbkRKZUQ2MVpwZTNSL25kVUswS0FWNFF2Qms5UDM5NVNoVlBcblo2R0FycER5YVBEaTg2VFA4djg2N0RlcXR1RFhxWmdsaENJUzFjSmIrZjN4T2NNTjluYnlCcElkQ0tqTlZvNXhcbnhXRzdpaVFmaEtQYkk1L3VMY0pHSFpTYXBRS0JnUURuNVVHbFVaS1JpcFpVT1dCNlRKODFoMjBrK1J4cDYwU3NcbngxcnhvQnNLQzZSOEZuTEVpcXZrUHV6ZUZrM2RzNElGYkpJOTI5UjZJalYwcUtpTlN3LysxVUpaVzBSSnNYMlJcbk44c205dXJuV3R5bjM1czZEcGVSdEtBYjBMTXVpL2cwdWdMb3ZvSk4yb1BYcmw5Q2diTXlENitYUldqaTc0TDZcbmgwMkpqZFE1aXdLQmdBYng1ZTBYNUluN3daSmFlK0x6d0dFUElIUjdja1l4ZDIvcFNzclpTVnY5aVgrQWhLRU5cbjdPc1Q4SUJlMGYwL3FXZFRQSGRKVzRkY0JFdTNKN3R0MFpXUXpGc0xWbGx5cVJScjNubWVhN3dwbTBaTTV3Vjlcbm1acGZRaTFpWTVqZ25iVUJSTGhtT0tYNVBRZHBPVml6UlpXQ09wcHJFazRwdytwY2UwZU13a0JGQW9HQkFOb2RcbjlqZ1VXUU5TVW9IWUVob1d0ZTI0ZXYyNjNuSDJHL3RUN0FPM3I1Y3NTa041TGV3Vjd3Wlo5WndUYUp3dWV3NjFcbkIzenRwNVpWVk9oc3QxVm5GQjJDNDh4K251V2Q3OWpHbk93Q2RnSzBvVFc1aWh6Nm1yQXZNQ1haa0tBb2dZYStcbnEzdlZyV1NqTXoyTVF3ZWdUVGU2TDFQZXNvQTUvbjI5QkQ1c3pBQnZBb0dBYmYxTm9MMUtVaFFtRmZMZzYwYnlcbnBpQVpGMlVYMTYzMTFEM1BWUmN1OHY0M21QZEMrOVZYM25xRVorbHhuVk9VTUhSLzA1TlRjRUpRa1YxVkIyb1FcblBrNjFaeTJCT3RMQ1JsRGRKQUx0aURPMUd2cSswZnAycURRT3VIMUVJN3RVL1cwU3NtZ2J4eit4RFlpZzZPZHlcbjlQcmJxOWZINmw0UmYvWUFqRTAraEJJPVxuLS0tLS1FTkQgUFJJVkFURSBLRVktLS0tLVxuIiwKICAiY2xpZW50X2VtYWlsIjogInNxbC1wcm94eUBuYW1lLXJlbWVtYmVyLTIzLmlhbS5nc2VydmljZWFjY291bnQuY29tIiwKICAiY2xpZW50X2lkIjogIjExNTkxOTA5Mjk2MzQxMjk2NzczMiIsCiAgImF1dGhfdXJpIjogImh0dHBzOi8vYWNjb3VudHMuZ29vZ2xlLmNvbS9vL29hdXRoMi9hdXRoIiwKICAidG9rZW5fdXJpIjogImh0dHBzOi8vb2F1dGgyLmdvb2dsZWFwaXMuY29tL3Rva2VuIiwKICAiYXV0aF9wcm92aWRlcl94NTA5X2NlcnRfdXJsIjogImh0dHBzOi8vd3d3Lmdvb2dsZWFwaXMuY29tL29hdXRoMi92MS9jZXJ0cyIsCiAgImNsaWVudF94NTA5X2NlcnRfdXJsIjogImh0dHBzOi8vd3d3Lmdvb2dsZWFwaXMuY29tL3JvYm90L3YxL21ldGFkYXRhL3g1MDkvc3FsLXByb3h5JTQwbmFtZS1yZW1lbWJlci0yMy5pYW0uZ3NlcnZpY2VhY2NvdW50LmNvbSIsCiAgInVuaXZlcnNlX2RvbWFpbiI6ICJnb29nbGVhcGlzLmNvbSIKfQo=",
            "private_key_type": "TYPE_GOOGLE_CREDENTIALS_FILE",
            "public_key": "LS0tLS1CRUdJTiBDRVJUSUZJQ0FURS0tLS0tCk1JSUMvRENDQWVTZ0F3SUJBZ0lJUTlSZnpORXZHaTR3RFFZSktvWklodmNOQVFFRkJRQXdJREVlTUJ3R0ExVUUKQXhNVk1URTFPVEU1TURreU9UWXpOREV5T1RZM056TXlNQ0FYRFRJek1Ea3hOakl3TXpjek5Gb1lEems1T1RreApNak14TWpNMU9UVTVXakFnTVI0d0hBWURWUVFERXhVeE1UVTVNVGt3T1RJNU5qTTBNVEk1TmpjM016SXdnZ0VpCk1BMEdDU3FHU0liM0RRRUJBUVVBQTRJQkR3QXdnZ0VLQW9JQkFRRGc3WTRKdnpNMFM5eEc1cVNzS2E1d0I2b1gKL3cySTF5QXlVK0JNUTN0ZmpDaGZtRkZ5aERGK0UyTUxXQzBVd2dZenE4V2REd3BIL2E4Y3kvMHRUVS9ZOHhHVApMbEdXTHJYQ1hqRkQ3VUVSL3Q0ZG1WVmtSVmd1UDNHWk5kUHZlK0dSU1BySnhlby9OK0UrbExiRHZ6WVZVYWZ0CmdBRlByUFlWc2drWVNTR2pHcDFVSmp3S2pDNXhVMEdpOUJtQXN1bWpJVkUyS1BWblBya1dGMVVHZlFvVDR6S3QKOGNYRHU0UjJ3N09nVWVaN09oak9abHJzdmtNZ3Jub0JkaXRldE80Sm85UHRqMCtxbDNDN3VZem9DTHoyRXlPOQpiNmIzcThnblFqMFE1cVp5eWdtRXdyUDBjdnFwOUpNbmxWeDV4Wmh5UEJsaXp0Uy9YRG1DMURJWHdyU1hBZ01CCkFBR2pPREEyTUF3R0ExVWRFd0VCL3dRQ01BQXdEZ1lEVlIwUEFRSC9CQVFEQWdlQU1CWUdBMVVkSlFFQi93UU0KTUFvR0NDc0dBUVVGQndNQ01BMEdDU3FHU0liM0RRRUJCUVVBQTRJQkFRQ2hvYnk2U1BSRUdXc2E5Q1l3djlRLwoyb1B1c2RSbnlHRjR3L0dRSFIwM3h5enRrM1lvWWcrbzVXMGZreWQ4QnVXaXFidDRMSkd3Zk11UFZqMFdrS0xxCng0bDIzTDJRNm1ydldNdzdhVmZrVDhsbFF3djJIdDc2K2NyMXd5RXpUSm9TZXZrMThRWHcyMUtMczR1SjV3UkIKR0x4S2VzRitsZldKN3JmQmpGeTVmUm8wWUdMc3VRdW9qVWozUkRWVVlUVHNOWG5WSkQ5eUdsUXdFdncxMDJudQpQaWVEYkh4QStXMGMyZ2tpRDdNT3htc1gwMWRvTGxIV1JaMGxMYllkMHl5bkY3Mkc4WEFYNmNXQkhPVTVCUUVXCnF5VkJqRGZQbmZsUGtLSGZEbWFIa0JFWjdGbGVlRmJhZVRVdVh3aDNEazFjVzJTUngxY3dSaGkwMnpvSTlBdysKLS0tLS1FTkQgQ0VSVElGSUNBVEUtLS0tLQo=",
            "public_key_data": null,
            "public_key_type": "TYPE_X509_PEM_FILE",
            "service_account_id": "projects/name-remember-23/serviceAccounts/sql-proxy@name-remember-23.iam.gserviceaccount.com",
            "valid_after": "2023-09-16T20:37:34Z",
            "valid_before": "9999-12-31T23:59:59Z"
          },
          "sensitive_attributes": [],
          "private": "bnVsbA==",
          "dependencies": [
            "google_service_account.sql_proxy"
          ]
        }
      ]
    },
    {
      "mode": "managed",
      "type": "google_sql_database",
      "name": "default",
      "provider": "provider[\"registry.terraform.io/hashicorp/google\"]",
      "instances": [
        {
          "schema_version": 0,
          "attributes": {
            "charset": "UTF8",
            "collation": "en_US.UTF8",
            "deletion_policy": "DELETE",
            "id": "projects/name-remember-23/instances/name-remember-db/databases/userdata",
            "instance": "name-remember-db",
            "name": "userdata",
            "project": "name-remember-23",
            "self_link": "https://sqladmin.googleapis.com/sql/v1beta4/projects/name-remember-23/instances/name-remember-db/databases/userdata",
            "timeouts": null
          },
          "sensitive_attributes": [],
          "private": "eyJlMmJmYjczMC1lY2FhLTExZTYtOGY4OC0zNDM2M2JjN2M0YzAiOnsiY3JlYXRlIjoxMjAwMDAwMDAwMDAwLCJkZWxldGUiOjEyMDAwMDAwMDAwMDAsInVwZGF0ZSI6MTIwMDAwMDAwMDAwMH19",
          "dependencies": [
            "google_sql_database_instance.default"
          ]
        }
      ]
    },
    {
      "mode": "managed",
      "type": "google_sql_database_instance",
      "name": "default",
      "provider": "provider[\"registry.terraform.io/hashicorp/google\"]",
      "instances": [
        {
          "schema_version": 0,
          "attributes": {
            "available_maintenance_versions": [],
            "clone": [],
            "connection_name": "name-remember-23:us-central1:name-remember-db",
            "database_version": "POSTGRES_13",
            "deletion_protection": false,
            "dns_name": "",
            "encryption_key_name": null,
            "first_ip_address": "34.70.179.207",
            "id": "name-remember-db",
            "instance_type": "CLOUD_SQL_INSTANCE",
            "ip_address": [
              {
                "ip_address": "34.70.179.207",
                "time_to_retire": "",
                "type": "PRIMARY"
              },
              {
                "ip_address": "34.42.142.40",
                "time_to_retire": "",
                "type": "OUTGOING"
              }
            ],
            "maintenance_version": "POSTGRES_13_10.R20230530.01_11",
            "master_instance_name": "",
            "name": "name-remember-db",
            "private_ip_address": "",
            "project": "name-remember-23",
            "psc_service_attachment_link": "",
            "public_ip_address": "34.70.179.207",
            "region": "us-central1",
            "replica_configuration": [],
            "restore_backup_context": [],
            "root_password": null,
            "self_link": "https://sqladmin.googleapis.com/sql/v1beta4/projects/name-remember-23/instances/name-remember-db",
            "server_ca_cert": [
              {
                "cert": "-----BEGIN CERTIFICATE-----\nMIIDfzCCAmegAwIBAgIBADANBgkqhkiG9w0BAQsFADB3MS0wKwYDVQQuEyRkMTc0\nMjQ0Yy04NGM4LTQ4MDUtYTdjMS01NmQ1ODA0ZThkNzUxIzAhBgNVBAMTGkdvb2ds\nZSBDbG91ZCBTUUwgU2VydmVyIENBMRQwEgYDVQQKEwtHb29nbGUsIEluYzELMAkG\nA1UEBhMCVVMwHhcNMjMwOTE2MjAzNzI1WhcNMzMwOTEzMjAzODI1WjB3MS0wKwYD\nVQQuEyRkMTc0MjQ0Yy04NGM4LTQ4MDUtYTdjMS01NmQ1ODA0ZThkNzUxIzAhBgNV\nBAMTGkdvb2dsZSBDbG91ZCBTUUwgU2VydmVyIENBMRQwEgYDVQQKEwtHb29nbGUs\nIEluYzELMAkGA1UEBhMCVVMwggEiMA0GCSqGSIb3DQEBAQUAA4IBDwAwggEKAoIB\nAQClV4Gk+ahyrfNjeK1P6QRV5ZylwYwvHiB9MQRtjW81TcZrJR4URbgotRtSVlur\neT1z6hmSiYIUJBmUQmPu/O+KzKXDeQ4VqiiXJQZG0uTqIAhmorxqP9Jws42VxJ6+\nN0BO+ApXNQIOEhmedxR4v37ZS1coJD6IQC5EiqEfTpmMM3uWUnXgMrvi83RGTcvz\nEJsBQ3mtwZhkjpLJ0qjbviBrvnFoA3yPACA89m4tDs4rWYi/Zbk8HuQ8n8k7AQmS\nwoNq/+ky8RMvvsOpGQtRIHRVhqpk9x3fQM6XTZbN8gHG6S8czB1NdMY+LddRatbq\n4jDEaFOADlgwkyPwye3UzlsDAgMBAAGjFjAUMBIGA1UdEwEB/wQIMAYBAf8CAQAw\nDQYJKoZIhvcNAQELBQADggEBADvJUQgjDujRRZGBct8sdEMp283zFgTbtxzVq9Aj\nEboU0VEVufLQ+Ly/Q5pCii7UnS+An9/ZlzgWG54WrQ57/5yq7CuNBgTCSGlp3PO0\nS5VVLmwo6O6jZp6rd2q0rTS22bkeUtljqzmLcVU/s5QxvPQqPB7CRYeE0OiHqbab\nn5UYMu+ok5l4uDcaMhUxDdroxm+8NC1HJXJ/FTNAJ5Fwr0myn/cqxtd85YCQa5kE\nLC2wE+B5Z2HeY0SPRS4i6VeuvhWHJCEHXozHZU7XEh6JhlNlmPlyy1B9yn7w+g6+\ntwdy86rLYeSeQbFLX6DFPXr7tMDWDbaCiMLqvtOtx5dEjUM=\n-----END CERTIFICATE-----",
                "common_name": "C=US,O=Google\\, Inc,CN=Google Cloud SQL Server CA,dnQualifier=d174244c-84c8-4805-a7c1-56d5804e8d75",
                "create_time": "2023-09-16T20:37:25.142Z",
                "expiration_time": "2033-09-13T20:38:25.142Z",
                "sha1_fingerprint": "1031eaf805a787231fd4da381658dbaf9a538e64"
              }
            ],
            "service_account_email_address": "p471648801973-plep0o@gcp-sa-cloud-sql.iam.gserviceaccount.com",
            "settings": [
              {
                "activation_policy": "ALWAYS",
                "active_directory_config": [],
                "advanced_machine_features": [],
                "availability_type": "ZONAL",
                "backup_configuration": [
                  {
                    "backup_retention_settings": [
                      {
                        "retained_backups": 7,
                        "retention_unit": "COUNT"
                      }
                    ],
                    "binary_log_enabled": false,
                    "enabled": true,
                    "location": "",
                    "point_in_time_recovery_enabled": false,
                    "start_time": "14:00",
                    "transaction_log_retention_days": 7
                  }
                ],
                "collation": "",
                "connector_enforcement": "NOT_REQUIRED",
                "data_cache_config": [],
                "database_flags": [
                  {
                    "name": "cloudsql.enable_pgaudit",
                    "value": "off"
                  }
                ],
                "deletion_protection_enabled": false,
                "deny_maintenance_period": [],
                "disk_autoresize": true,
                "disk_autoresize_limit": 0,
                "disk_size": 10,
                "disk_type": "PD_SSD",
                "edition": "",
                "insights_config": [],
                "ip_configuration": [
                  {
                    "allocated_ip_range": "",
                    "authorized_networks": [],
                    "enable_private_path_for_google_cloud_services": false,
                    "ipv4_enabled": true,
                    "private_network": "",
                    "psc_config": [],
                    "require_ssl": true
                  }
                ],
                "location_preference": [
                  {
                    "follow_gae_application": "",
                    "secondary_zone": "",
                    "zone": "us-central1-b"
                  }
                ],
                "maintenance_window": [],
                "password_validation_policy": [],
                "pricing_plan": "PER_USE",
                "sql_server_audit_config": [],
                "tier": "db-f1-micro",
                "time_zone": "",
                "user_labels": {},
                "version": 2
              }
            ],
            "timeouts": null
          },
          "sensitive_attributes": [],
          "private": "eyJlMmJmYjczMC1lY2FhLTExZTYtOGY4OC0zNDM2M2JjN2M0YzAiOnsiY3JlYXRlIjoyNDAwMDAwMDAwMDAwLCJkZWxldGUiOjE4MDAwMDAwMDAwMDAsInVwZGF0ZSI6MTgwMDAwMDAwMDAwMH19"
        }
      ]
    },
    {
      "mode": "managed",
      "type": "google_sql_user",
      "name": "default",
      "provider": "provider[\"registry.terraform.io/hashicorp/google\"]",
      "instances": [
        {
          "schema_version": 1,
          "attributes": {
            "deletion_policy": null,
            "host": "",
            "id": "postgres//name-remember-db",
            "instance": "name-remember-db",
            "name": "postgres",
            "password": "wOPOP1kFkPyeXrlS",
            "password_policy": [],
            "project": "name-remember-23",
            "sql_server_user_details": [],
            "timeouts": null,
            "type": ""
          },
          "sensitive_attributes": [
            [
              {
                "type": "get_attr",
                "value": "password"
              }
            ]
          ],
          "private": "eyJlMmJmYjczMC1lY2FhLTExZTYtOGY4OC0zNDM2M2JjN2M0YzAiOnsiY3JlYXRlIjo2MDAwMDAwMDAwMDAsImRlbGV0ZSI6NjAwMDAwMDAwMDAwLCJ1cGRhdGUiOjYwMDAwMDAwMDAwMH0sInNjaGVtYV92ZXJzaW9uIjoiMSJ9",
          "dependencies": [
            "google_sql_database_instance.default",
            "random_password.pwd"
          ]
        }
      ]
    },
    {
      "mode": "managed",
      "type": "local_file",
      "name": "sql_database_password",
      "provider": "provider[\"registry.terraform.io/hashicorp/local\"]",
      "instances": [
        {
          "schema_version": 0,
          "attributes": {
            "content": "wOPOP1kFkPyeXrlS",
            "content_base64": null,
            "content_base64sha256": "3dd0FfIg7Ur3bsRt6ZLAEqZ0x7GEcEwphlxMHtKhxcw=",
            "content_base64sha512": "ViOKqxxhggIxAaWxXA8rY5vXkWWXYutZW29JFTgS2mRxPGJ2u7LaXrd3gPqZaTtZstmtpkq5ERvI0CtB53H7zg==",
            "content_md5": "95903706902e1f19742e089ef7368bde",
            "content_sha1": "669f55f4580fe182a60b14f4d557859942f14813",
            "content_sha256": "ddd77415f220ed4af76ec46de992c012a674c7b184704c29865c4c1ed2a1c5cc",
            "content_sha512": "56238aab1c6182023101a5b15c0f2b639bd791659762eb595b6f49153812da64713c6276bbb2da5eb77780fa99693b59b2d9ada64ab9111bc8d02b41e771fbce",
            "directory_permission": "0777",
            "file_permission": "0777",
            "filename": "./sql_database_password.json",
            "id": "669f55f4580fe182a60b14f4d557859942f14813",
            "sensitive_content": null,
            "source": null
          },
          "sensitive_attributes": [
            [
              {
                "type": "get_attr",
                "value": "content"
              }
            ]
          ],
          "dependencies": [
            "random_password.pwd"
          ]
        }
      ]
    },
    {
      "mode": "managed",
      "type": "random_password",
      "name": "pwd",
      "provider": "provider[\"registry.terraform.io/hashicorp/random\"]",
      "instances": [
        {
          "schema_version": 3,
          "attributes": {
            "bcrypt_hash": "$2a$10$dsCoQ54Su7oooy26avTeueL4V8IR6m9kPzUKHoPntNWdGCmNYwjWO",
            "id": "none",
            "keepers": null,
            "length": 16,
            "lower": true,
            "min_lower": 0,
            "min_numeric": 0,
            "min_special": 0,
            "min_upper": 0,
            "number": true,
            "numeric": true,
            "override_special": null,
            "result": "wOPOP1kFkPyeXrlS",
            "special": false,
            "upper": true
          },
          "sensitive_attributes": []
        }
      ]
    }
  ],
  "check_results": null
}
